
Microsoft Visual Studio Solution File, Format Version 12.00
# Visual Studio Version 17
VisualStudioVersion = 17.12.35728.132 d17.12
MinimumVisualStudioVersion = 10.0.40219.1
Project("{FAE04EC0-301F-11D3-BF4B-00C04F79EFBC}") = "26-02dz", "26-02dz.csproj", "{F4E93C25-EF57-4C3E-9349-34E4FD7167D7}"
EndProject
Global
	GlobalSection(SolutionConfigurationPlatforms) = preSolution
		Debug|Any CPU = Debug|Any CPU
		Release|Any CPU = Release|Any CPU
	EndGlobalSection
	GlobalSection(ProjectConfigurationPlatforms) = postSolution
		{F4E93C25-EF57-4C3E-9349-34E4FD7167D7}.Debug|Any CPU.ActiveCfg = Debug|Any CPU
		{F4E93C25-EF57-4C3E-9349-34E4FD7167D7}.Debug|Any CPU.Build.0 = Debug|Any CPU
		{F4E93C25-EF57-4C3E-9349-34E4FD7167D7}.Release|Any CPU.ActiveCfg = Release|Any CPU
		{F4E93C25-EF57-4C3E-9349-34E4FD7167D7}.Release|Any CPU.Build.0 = Release|Any CPU
	EndGlobalSection
	GlobalSection(SolutionProperties) = preSolution
		HideSolutionNode = FALSE
	EndGlobalSection
EndGlobal
